
Microsoft Visual Studio Solution File, Format Version 12.00
# Visual Studio Version 16
VisualStudioVersion = 16.0.31321.278
MinimumVisualStudioVersion = 10.0.40219.1
Project("{FAE04EC0-301F-11D3-BF4B-00C04F79EFBC}") = "by", "by\by.csproj", "{1F48237E-8978-4E41-BB8B-292C7F3297A7}"
EndProject
Global
	GlobalSection(SolutionConfigurationPlatforms) = preSolution
		Debug|Any CPU = Debug|Any CPU
		Release|Any CPU = Release|Any CPU
	EndGlobalSection
	GlobalSection(ProjectConfigurationPlatforms) = postSolution
		{1F48237E-8978-4E41-BB8B-292C7F3297A7}.Debug|Any CPU.ActiveCfg = Debug|Any CPU
		{1F48237E-8978-4E41-BB8B-292C7F3297A7}.Debug|Any CPU.Build.0 = Debug|Any CPU
		{1F48237E-8978-4E41-BB8B-292C7F3297A7}.Release|Any CPU.ActiveCfg = Release|Any CPU
		{1F48237E-8978-4E41-BB8B-292C7F3297A7}.Release|Any CPU.Build.0 = Release|Any CPU
	EndGlobalSection
	GlobalSection(SolutionProperties) = preSolution
		HideSolutionNode = FALSE
	EndGlobalSection
	GlobalSection(ExtensibilityGlobals) = postSolution
		SolutionGuid = {26E0CC3A-9113-4DEE-95DB-BFE40ACF3754}
	EndGlobalSection
EndGlobal
